
Microsoft Visual Studio Solution File, Format Version 12.00
# Visual Studio 15
VisualStudioVersion = 15.0.27004.2008
MinimumVisualStudioVersion = 10.0.40219.1
Project("{FAE04EC0-301F-11D3-BF4B-00C04F79EFBC}") = "BankNetEntity", "BankNetEntity.csproj", "{FE54DE3F-D28D-4C37-B9CE-636F160CDD1F}"
EndProject
Project("{FAE04EC0-301F-11D3-BF4B-00C04F79EFBC}") = "BankNetEntityDB", "..\BankNetEntityDB\BankNetEntityDB.csproj", "{9B3A4693-9558-4C25-BB26-CF2A9297B2E1}"
EndProject
Project("{FAE04EC0-301F-11D3-BF4B-00C04F79EFBC}") = "BankNetEntityDBTest", "..\BankNetEntityDBTest\BankNetEntityDBTest.csproj", "{8238ABF5-74BA-4124-B196-37D59258C94C}"
EndProject
Global
	GlobalSection(SolutionConfigurationPlatforms) = preSolution
		Debug|Any CPU = Debug|Any CPU
		Release|Any CPU = Release|Any CPU
	EndGlobalSection
	GlobalSection(ProjectConfigurationPlatforms) = postSolution
		{FE54DE3F-D28D-4C37-B9CE-636F160CDD1F}.Debug|Any CPU.ActiveCfg = Debug|Any CPU
		{FE54DE3F-D28D-4C37-B9CE-636F160CDD1F}.Debug|Any CPU.Build.0 = Debug|Any CPU
		{FE54DE3F-D28D-4C37-B9CE-636F160CDD1F}.Release|Any CPU.ActiveCfg = Release|Any CPU
		{FE54DE3F-D28D-4C37-B9CE-636F160CDD1F}.Release|Any CPU.Build.0 = Release|Any CPU
		{9B3A4693-9558-4C25-BB26-CF2A9297B2E1}.Debug|Any CPU.ActiveCfg = Debug|Any CPU
		{9B3A4693-9558-4C25-BB26-CF2A9297B2E1}.Debug|Any CPU.Build.0 = Debug|Any CPU
		{9B3A4693-9558-4C25-BB26-CF2A9297B2E1}.Release|Any CPU.ActiveCfg = Release|Any CPU
		{9B3A4693-9558-4C25-BB26-CF2A9297B2E1}.Release|Any CPU.Build.0 = Release|Any CPU
		{8238ABF5-74BA-4124-B196-37D59258C94C}.Debug|Any CPU.ActiveCfg = Debug|Any CPU
		{8238ABF5-74BA-4124-B196-37D59258C94C}.Debug|Any CPU.Build.0 = Debug|Any CPU
		{8238ABF5-74BA-4124-B196-37D59258C94C}.Release|Any CPU.ActiveCfg = Release|Any CPU
		{8238ABF5-74BA-4124-B196-37D59258C94C}.Release|Any CPU.Build.0 = Release|Any CPU
	EndGlobalSection
	GlobalSection(SolutionProperties) = preSolution
		HideSolutionNode = FALSE
	EndGlobalSection
	GlobalSection(ExtensibilityGlobals) = postSolution
		SolutionGuid = {9EB313F9-81CC-49FE-BC98-51692DEA3A8A}
	EndGlobalSection
EndGlobal
